Microsoft Visual Studio Solution File, Format Version 11.00
# Visual Studio 2008

Project("{1029A262-BA92-2D46-6A64-F110D2F02CCF}") = "uLua", "Assembly-CSharp.csproj", "{9AEAAF33-0431-C7CB-D4B1-F271BB61853C}"
EndProject
Project("{1029A262-BA92-2D46-6A64-F110D2F02CCF}") = "uLua", "Assembly-CSharp-Editor.csproj", "{CA881593-3416-46D6-25E2-992FC3A66635}"
EndProject
Global
	GlobalSection(SolutionConfigurationPlatforms) = preSolution
		Debug|Any CPU = Debug|Any CPU
		Release|Any CPU = Release|Any CPU
	EndGlobalSection
	GlobalSection(ProjectConfigurationPlatforms) = postSolution
		{9AEAAF33-0431-C7CB-D4B1-F271BB61853C}.Debug|Any CPU.ActiveCfg = Debug|Any CPU
		{9AEAAF33-0431-C7CB-D4B1-F271BB61853C}.Debug|Any CPU.Build.0 = Debug|Any CPU
		{9AEAAF33-0431-C7CB-D4B1-F271BB61853C}.Release|Any CPU.ActiveCfg = Release|Any CPU
		{9AEAAF33-0431-C7CB-D4B1-F271BB61853C}.Release|Any CPU.Build.0 = Release|Any CPU
		{CA881593-3416-46D6-25E2-992FC3A66635}.Debug|Any CPU.ActiveCfg = Debug|Any CPU
		{CA881593-3416-46D6-25E2-992FC3A66635}.Debug|Any CPU.Build.0 = Debug|Any CPU
		{CA881593-3416-46D6-25E2-992FC3A66635}.Release|Any CPU.ActiveCfg = Release|Any CPU
		{CA881593-3416-46D6-25E2-992FC3A66635}.Release|Any CPU.Build.0 = Release|Any CPU
	EndGlobalSection
	GlobalSection(SolutionProperties) = preSolution
		HideSolutionNode = FALSE
	EndGlobalSection
																																	GlobalSection(MonoDevelopProperties) = preSolution
		StartupItem = Assembly-CSharp.csproj
		Policies = $0
		$0.TextStylePolicy = $1
		$1.inheritsSet = null
		$1.scope = text/x-csharp
		$0.CSharpFormattingPolicy = $2
		$2.inheritsSet = Mono
		$2.inheritsScope = text/x-csharp
		$2.scope = text/x-csharp
		$0.TextStylePolicy = $3
		$3.FileWidth = 120
		$3.TabWidth = 4
		$3.IndentWidth = 4
		$3.EolMarker = Unix
		$3.inheritsSet = Mono
		$3.inheritsScope = text/plain
		$3.scope = text/plain
	EndGlobalSection

EndGlobal
